
Microsoft Visual Studio Solution File, Format Version 12.00
# Visual Studio Version 16
VisualStudioVersion = 16.0.29009.5
MinimumVisualStudioVersion = 10.0.40219.1
Project("{FAE04EC0-301F-11D3-BF4B-00C04F79EFBC}") = "TaskList", "TaskList\TaskList.csproj", "{07A6B6C7-1C8B-4248-A30B-82CE87C2BFF9}"
EndProject
Global
	GlobalSection(SolutionConfigurationPlatforms) = preSolution
		Debug|Any CPU = Debug|Any CPU
		Release|Any CPU = Release|Any CPU
	EndGlobalSection
	GlobalSection(ProjectConfigurationPlatforms) = postSolution
		{07A6B6C7-1C8B-4248-A30B-82CE87C2BFF9}.Debug|Any CPU.ActiveCfg = Debug|Any CPU
		{07A6B6C7-1C8B-4248-A30B-82CE87C2BFF9}.Debug|Any CPU.Build.0 = Debug|Any CPU
		{07A6B6C7-1C8B-4248-A30B-82CE87C2BFF9}.Release|Any CPU.ActiveCfg = Release|Any CPU
		{07A6B6C7-1C8B-4248-A30B-82CE87C2BFF9}.Release|Any CPU.Build.0 = Release|Any CPU
	EndGlobalSection
	GlobalSection(SolutionProperties) = preSolution
		HideSolutionNode = FALSE
	EndGlobalSection
	GlobalSection(ExtensibilityGlobals) = postSolution
		SolutionGuid = {B326D540-CFC6-4E4F-809D-91A6C12C9159}
	EndGlobalSection
EndGlobal
